{
  "name": "@fusionstrings/elements",
  "lockfileVersion": 3,
  "requires": true,
  "packages": {
    "": {
      "name": "@fusionstrings/elements",
      "dependencies": {
        "@preact/signals": "*",
        "preact": "*",
        "preact-custom-element": "*"
      },
      "devDependencies": {
        "@types/node": "^20.9.0"
      }
    },
    "node_modules/@preact/signals": {
      "version": "2.3.1",
      "resolved": "https://registry.npmjs.org/@preact/signals/-/signals-2.3.1.tgz",
      "integrity": "sha512-nyuRIGmcwM/HjvFHhN2xUWfyla9D4llHt+prWoxjQfD6b5prO7CFPlG/xjJkP31Oic4KQXfH9SIhJFP9cy4lmg==",
      "license": "MIT",
      "dependencies": {
        "@preact/signals-core": "^1.12.0"
      },
      "funding": {
        "type": "opencollective",
        "url": "https://opencollective.com/preact"
      },
      "peerDependencies": {
        "preact": ">= 10.25.0 || >=11.0.0-0"
      }
    },
    "node_modules/@preact/signals-core": {
      "version": "1.12.1",
      "resolved": "https://registry.npmjs.org/@preact/signals-core/-/signals-core-1.12.1.tgz",
      "integrity": "sha512-BwbTXpj+9QutoZLQvbttRg5x3l5468qaV2kufh+51yha1c53ep5dY4kTuZR35+3pAZxpfQerGJiQqg34ZNZ6uA==",
      "license": "MIT",
      "funding": {
        "type": "opencollective",
        "url": "https://opencollective.com/preact"
      }
    },
    "node_modules/@types/node": {
      "version": "20.19.14",
      "resolved": "https://registry.npmjs.org/@types/node/-/node-20.19.14.tgz",
      "integrity": "sha512-gqiKWld3YIkmtrrg9zDvg9jfksZCcPywXVN7IauUGhilwGV/yOyeUsvpR796m/Jye0zUzMXPKe8Ct1B79A7N5Q==",
      "dev": true,
      "license": "MIT",
      "dependencies": {
        "undici-types": "~6.21.0"
      }
    },
    "node_modules/preact": {
      "version": "10.27.2",
      "resolved": "https://registry.npmjs.org/preact/-/preact-10.27.2.tgz",
      "integrity": "sha512-5SYSgFKSyhCbk6SrXyMpqjb5+MQBgfvEKE/OC+PujcY34sOpqtr+0AZQtPYx5IA6VxynQ7rUPCtKzyovpj9Bpg==",
      "license": "MIT",
      "funding": {
        "type": "opencollective",
        "url": "https://opencollective.com/preact"
      }
    },
    "node_modules/preact-custom-element": {
      "version": "4.5.1",
      "resolved": "https://registry.npmjs.org/preact-custom-element/-/preact-custom-element-4.5.1.tgz",
      "integrity": "sha512-G5HRe5lrWibvjdsA8vkX9gZlSb8Gggs8SMNB9xU96KQ75MrqFjjezBACimozThu1IhO/SIbFwX2tW4IUMDNxpg==",
      "license": "MIT",
      "peerDependencies": {
        "preact": ">= 10.25.0 || >=11.0.0-0"
      }
    },
    "node_modules/undici-types": {
      "version": "6.21.0",
      "resolved": "https://registry.npmjs.org/undici-types/-/undici-types-6.21.0.tgz",
      "integrity": "sha512-iwDZqg0QAGrg9Rav5H4n0M64c3mkR59cJ6wQp+7C4nI0gsmExaedaYLNO44eT4AtBBwjbTiGPMlt2Md0T9H9JQ==",
      "dev": true,
      "license": "MIT"
    }
  }
}
