{
  "name": "@fusionstrings/elements",
  "lockfileVersion": 3,
  "requires": true,
  "packages": {
    "": {
      "name": "@fusionstrings/elements",
      "dependencies": {
        "@preact/signals": "*",
        "preact": "*"
      },
      "devDependencies": {
        "@types/node": "^20.9.0",
        "picocolors": "^1.0.0"
      }
    },
    "node_modules/@preact/signals": {
      "version": "2.0.4",
      "resolved": "https://registry.npmjs.org/@preact/signals/-/signals-2.0.4.tgz",
      "integrity": "sha512-9241aGnIv7y0IGzaq2vkBMe8/0jGnnmEEUeFmAoTWsaj8q/BW2PVekL8nHVJcy69bBww6rwEy3A1tc6yPE0sJA==",
      "license": "MIT",
      "dependencies": {
        "@preact/signals-core": "^1.7.0"
      },
      "funding": {
        "type": "opencollective",
        "url": "https://opencollective.com/preact"
      },
      "peerDependencies": {
        "preact": ">= 10.25.0"
      }
    },
    "node_modules/@preact/signals-core": {
      "version": "1.8.0",
      "resolved": "https://registry.npmjs.org/@preact/signals-core/-/signals-core-1.8.0.tgz",
      "integrity": "sha512-OBvUsRZqNmjzCZXWLxkZfhcgT+Fk8DDcT/8vD6a1xhDemodyy87UJRJfASMuSD8FaAIeGgGm85ydXhm7lr4fyA==",
      "license": "MIT",
      "funding": {
        "type": "opencollective",
        "url": "https://opencollective.com/preact"
      }
    },
    "node_modules/@types/node": {
      "version": "20.17.47",
      "resolved": "https://registry.npmjs.org/@types/node/-/node-20.17.47.tgz",
      "integrity": "sha512-3dLX0Upo1v7RvUimvxLeXqwrfyKxUINk0EAM83swP2mlSUcwV73sZy8XhNz8bcZ3VbsfQyC/y6jRdL5tgCNpDQ==",
      "dev": true,
      "license": "MIT",
      "dependencies": {
        "undici-types": "~6.19.2"
      }
    },
    "node_modules/picocolors": {
      "version": "1.1.1",
      "resolved": "https://registry.npmjs.org/picocolors/-/picocolors-1.1.1.tgz",
      "integrity": "sha512-xceH2snhtb5M9liqDsmEw56le376mTZkEX/jEb/RxNFyegNul7eNslCXP9FDj/Lcu0X8KEyMceP2ntpaHrDEVA==",
      "dev": true,
      "license": "ISC"
    },
    "node_modules/preact": {
      "version": "10.26.6",
      "resolved": "https://registry.npmjs.org/preact/-/preact-10.26.6.tgz",
      "integrity": "sha512-5SRRBinwpwkaD+OqlBDeITlRgvd8I8QlxHJw9AxSdMNV6O+LodN9nUyYGpSF7sadHjs6RzeFShMexC6DbtWr9g==",
      "license": "MIT",
      "funding": {
        "type": "opencollective",
        "url": "https://opencollective.com/preact"
      }
    },
    "node_modules/undici-types": {
      "version": "6.19.8",
      "resolved": "https://registry.npmjs.org/undici-types/-/undici-types-6.19.8.tgz",
      "integrity": "sha512-ve2KP6f/JnbPBFyobGHuerC9g1FYGn/F8n1LWTwNxCEzd6IfqTwUQcNXgEtmmQ6DlRrC1hrSrBnCZPokRrDHjw==",
      "dev": true,
      "license": "MIT"
    }
  }
}
